
Microsoft Visual Studio Solution File, Format Version 12.00
# Visual Studio Version 17
VisualStudioVersion = 17.6.33723.286
MinimumVisualStudioVersion = 10.0.40219.1
Project("{FAE04EC0-301F-11D3-BF4B-00C04F79EFBC}") = "Resize_an_image", "Resize_an_image\Resize_an_image.csproj", "{D50D8F55-3796-4C3B-882B-2C072ABA2D87}"
EndProject
Global
	GlobalSection(SolutionConfigurationPlatforms) = preSolution
		Debug|Any CPU = Debug|Any CPU
		Release|Any CPU = Release|Any CPU
	EndGlobalSection
	GlobalSection(ProjectConfigurationPlatforms) = postSolution
		{D50D8F55-3796-4C3B-882B-2C072ABA2D87}.Debug|Any CPU.ActiveCfg = Debug|Any CPU
		{D50D8F55-3796-4C3B-882B-2C072ABA2D87}.Debug|Any CPU.Build.0 = Debug|Any CPU
		{D50D8F55-3796-4C3B-882B-2C072ABA2D87}.Release|Any CPU.ActiveCfg = Release|Any CPU
		{D50D8F55-3796-4C3B-882B-2C072ABA2D87}.Release|Any CPU.Build.0 = Release|Any CPU
	EndGlobalSection
	GlobalSection(SolutionProperties) = preSolution
		HideSolutionNode = FALSE
	EndGlobalSection
	GlobalSection(ExtensibilityGlobals) = postSolution
		SolutionGuid = {3CC81FA7-3426-4DA7-AFB6-76E82168530A}
	EndGlobalSection
EndGlobal
